
Microsoft Visual Studio Solution File, Format Version 12.00
# Visual Studio Version 17
VisualStudioVersion = 17.7.34221.43
MinimumVisualStudioVersion = 10.0.40219.1
Project("{FAE04EC0-301F-11D3-BF4B-00C04F79EFBC}") = "Inheritance", "Inheritance\Inheritance.csproj", "{107DB7EC-47DA-42CA-AC66-0470377A6AAE}"
EndProject
Project("{FAE04EC0-301F-11D3-BF4B-00C04F79EFBC}") = "Files", "Files\Files.csproj", "{BAB4BF60-2970-4D12-9AE3-E5BCBEE1154B}"
EndProject
Global
	GlobalSection(SolutionConfigurationPlatforms) = preSolution
		Debug|Any CPU = Debug|Any CPU
		Release|Any CPU = Release|Any CPU
	EndGlobalSection
	GlobalSection(ProjectConfigurationPlatforms) = postSolution
		{107DB7EC-47DA-42CA-AC66-0470377A6AAE}.Debug|Any CPU.ActiveCfg = Debug|Any CPU
		{107DB7EC-47DA-42CA-AC66-0470377A6AAE}.Debug|Any CPU.Build.0 = Debug|Any CPU
		{107DB7EC-47DA-42CA-AC66-0470377A6AAE}.Release|Any CPU.ActiveCfg = Release|Any CPU
		{107DB7EC-47DA-42CA-AC66-0470377A6AAE}.Release|Any CPU.Build.0 = Release|Any CPU
		{BAB4BF60-2970-4D12-9AE3-E5BCBEE1154B}.Debug|Any CPU.ActiveCfg = Debug|Any CPU
		{BAB4BF60-2970-4D12-9AE3-E5BCBEE1154B}.Debug|Any CPU.Build.0 = Debug|Any CPU
		{BAB4BF60-2970-4D12-9AE3-E5BCBEE1154B}.Release|Any CPU.ActiveCfg = Release|Any CPU
		{BAB4BF60-2970-4D12-9AE3-E5BCBEE1154B}.Release|Any CPU.Build.0 = Release|Any CPU
	EndGlobalSection
	GlobalSection(SolutionProperties) = preSolution
		HideSolutionNode = FALSE
	EndGlobalSection
	GlobalSection(ExtensibilityGlobals) = postSolution
		SolutionGuid = {C3C79563-954D-4A6A-B902-D9825DCED0A8}
	EndGlobalSection
EndGlobal
